
Microsoft Visual Studio Solution File, Format Version 12.00
# Visual Studio Version 17
VisualStudioVersion = 17.0.31903.59
MinimumVisualStudioVersion = 10.0.40219.1
Project("{2150E333-8FDC-42A3-9474-1A3956D46DE8}") = "src", "src", "{E89D1045-23FC-4B48-82D7-C143CF3AE8C0}"
EndProject
Project("{FAE04EC0-301F-11D3-BF4B-00C04F79EFBC}") = "IdentityService", "src\IdentityService\IdentityService.csproj", "{7C5C48F5-51FD-47A3-B7B9-195B295155D6}"
EndProject
Project("{FAE04EC0-301F-11D3-BF4B-00C04F79EFBC}") = "StoriesService", "src\StoriesService\StoriesService.csproj", "{7FF202D6-EE0A-4702-8DA6-038403FCA8D9}"
EndProject
Project("{FAE04EC0-301F-11D3-BF4B-00C04F79EFBC}") = "GatewayService", "src\GatewayService\GatewayService.csproj", "{B4E237C8-EF08-4287-8EBB-48DB5D6184B6}"
EndProject
Project("{2150E333-8FDC-42A3-9474-1A3956D46DE8}") = "Authentication", "Authentication", "{AE2E1A5C-F476-4412-A44B-412CA22E5E11}"
EndProject
Project("{FAE04EC0-301F-11D3-BF4B-00C04F79EFBC}") = "Authentication.Extensions", "src\Authentication\Authentication.Extensions\Authentication.Extensions.csproj", "{40C6751E-2310-4D3B-93F0-114D3C5BADD0}"
EndProject
Project("{FAE04EC0-301F-11D3-BF4B-00C04F79EFBC}") = "AwsConfigurators", "src\AwsConfigurators\AwsConfigurators.csproj", "{D8673A1B-552C-41B7-B0E4-691C9543C7B0}"
EndProject
Project("{2150E333-8FDC-42A3-9474-1A3956D46DE8}") = "Tests", "Tests", "{1EEA9947-F71F-4118-971D-CEE80881E87B}"
EndProject
Project("{FAE04EC0-301F-11D3-BF4B-00C04F79EFBC}") = "Authentication.Extensions.Tests.Unit", "src\Tests\Authentication.Extensions.Tests.Unit\Authentication.Extensions.Tests.Unit.csproj", "{D9E12898-48E0-4E34-AFCF-08106D4AE7EE}"
EndProject
Project("{FAE04EC0-301F-11D3-BF4B-00C04F79EFBC}") = "AwsConfigurators.Tests.Unit", "src\Tests\AwsConfigurators.Tests.Unit\AwsConfigurators.Tests.Unit.csproj", "{60806963-3583-49CA-B345-ADC2BE0BF31D}"
EndProject
Project("{FAE04EC0-301F-11D3-BF4B-00C04F79EFBC}") = "ProfileService", "src\ProfileService\ProfileService.csproj", "{9A42D37C-AF7D-49E3-B028-97DC71205290}"
EndProject
Project("{2150E333-8FDC-42A3-9474-1A3956D46DE8}") = "Shared", "Shared", "{0971C55A-69A1-4F58-B8D4-35735A850187}"
EndProject
Project("{FAE04EC0-301F-11D3-BF4B-00C04F79EFBC}") = "Shared.Models", "src\Shared\Shared.Models\Shared.Models.csproj", "{4C41B793-BE66-4F90-9191-F51C497F88F3}"
EndProject
Project("{FAE04EC0-301F-11D3-BF4B-00C04F79EFBC}") = "Shared.Infrastructure", "src\Shared\Shared.Infrastructure\Shared.Infrastructure.csproj", "{120E9B10-AE47-4961-B7DC-D0B4C726AB56}"
EndProject
Global
	GlobalSection(SolutionConfigurationPlatforms) = preSolution
		Debug|Any CPU = Debug|Any CPU
		Release|Any CPU = Release|Any CPU
	EndGlobalSection
	GlobalSection(ProjectConfigurationPlatforms) = postSolution
		{7C5C48F5-51FD-47A3-B7B9-195B295155D6}.Debug|Any CPU.ActiveCfg = Debug|Any CPU
		{7C5C48F5-51FD-47A3-B7B9-195B295155D6}.Debug|Any CPU.Build.0 = Debug|Any CPU
		{7C5C48F5-51FD-47A3-B7B9-195B295155D6}.Release|Any CPU.ActiveCfg = Release|Any CPU
		{7C5C48F5-51FD-47A3-B7B9-195B295155D6}.Release|Any CPU.Build.0 = Release|Any CPU
		{7FF202D6-EE0A-4702-8DA6-038403FCA8D9}.Debug|Any CPU.ActiveCfg = Debug|Any CPU
		{7FF202D6-EE0A-4702-8DA6-038403FCA8D9}.Debug|Any CPU.Build.0 = Debug|Any CPU
		{7FF202D6-EE0A-4702-8DA6-038403FCA8D9}.Release|Any CPU.ActiveCfg = Release|Any CPU
		{7FF202D6-EE0A-4702-8DA6-038403FCA8D9}.Release|Any CPU.Build.0 = Release|Any CPU
		{B4E237C8-EF08-4287-8EBB-48DB5D6184B6}.Debug|Any CPU.ActiveCfg = Debug|Any CPU
		{B4E237C8-EF08-4287-8EBB-48DB5D6184B6}.Debug|Any CPU.Build.0 = Debug|Any CPU
		{B4E237C8-EF08-4287-8EBB-48DB5D6184B6}.Release|Any CPU.ActiveCfg = Release|Any CPU
		{B4E237C8-EF08-4287-8EBB-48DB5D6184B6}.Release|Any CPU.Build.0 = Release|Any CPU
		{40C6751E-2310-4D3B-93F0-114D3C5BADD0}.Debug|Any CPU.ActiveCfg = Debug|Any CPU
		{40C6751E-2310-4D3B-93F0-114D3C5BADD0}.Debug|Any CPU.Build.0 = Debug|Any CPU
		{40C6751E-2310-4D3B-93F0-114D3C5BADD0}.Release|Any CPU.ActiveCfg = Release|Any CPU
		{40C6751E-2310-4D3B-93F0-114D3C5BADD0}.Release|Any CPU.Build.0 = Release|Any CPU
		{D8673A1B-552C-41B7-B0E4-691C9543C7B0}.Debug|Any CPU.ActiveCfg = Debug|Any CPU
		{D8673A1B-552C-41B7-B0E4-691C9543C7B0}.Debug|Any CPU.Build.0 = Debug|Any CPU
		{D8673A1B-552C-41B7-B0E4-691C9543C7B0}.Release|Any CPU.ActiveCfg = Release|Any CPU
		{D8673A1B-552C-41B7-B0E4-691C9543C7B0}.Release|Any CPU.Build.0 = Release|Any CPU
		{D9E12898-48E0-4E34-AFCF-08106D4AE7EE}.Debug|Any CPU.ActiveCfg = Debug|Any CPU
		{D9E12898-48E0-4E34-AFCF-08106D4AE7EE}.Debug|Any CPU.Build.0 = Debug|Any CPU
		{D9E12898-48E0-4E34-AFCF-08106D4AE7EE}.Release|Any CPU.ActiveCfg = Release|Any CPU
		{D9E12898-48E0-4E34-AFCF-08106D4AE7EE}.Release|Any CPU.Build.0 = Release|Any CPU
		{60806963-3583-49CA-B345-ADC2BE0BF31D}.Debug|Any CPU.ActiveCfg = Debug|Any CPU
		{60806963-3583-49CA-B345-ADC2BE0BF31D}.Debug|Any CPU.Build.0 = Debug|Any CPU
		{60806963-3583-49CA-B345-ADC2BE0BF31D}.Release|Any CPU.ActiveCfg = Release|Any CPU
		{60806963-3583-49CA-B345-ADC2BE0BF31D}.Release|Any CPU.Build.0 = Release|Any CPU
		{9A42D37C-AF7D-49E3-B028-97DC71205290}.Debug|Any CPU.ActiveCfg = Debug|Any CPU
		{9A42D37C-AF7D-49E3-B028-97DC71205290}.Debug|Any CPU.Build.0 = Debug|Any CPU
		{9A42D37C-AF7D-49E3-B028-97DC71205290}.Release|Any CPU.ActiveCfg = Release|Any CPU
		{9A42D37C-AF7D-49E3-B028-97DC71205290}.Release|Any CPU.Build.0 = Release|Any CPU
		{4C41B793-BE66-4F90-9191-F51C497F88F3}.Debug|Any CPU.ActiveCfg = Debug|Any CPU
		{4C41B793-BE66-4F90-9191-F51C497F88F3}.Debug|Any CPU.Build.0 = Debug|Any CPU
		{4C41B793-BE66-4F90-9191-F51C497F88F3}.Release|Any CPU.ActiveCfg = Release|Any CPU
		{4C41B793-BE66-4F90-9191-F51C497F88F3}.Release|Any CPU.Build.0 = Release|Any CPU
		{120E9B10-AE47-4961-B7DC-D0B4C726AB56}.Debug|Any CPU.ActiveCfg = Debug|Any CPU
		{120E9B10-AE47-4961-B7DC-D0B4C726AB56}.Debug|Any CPU.Build.0 = Debug|Any CPU
		{120E9B10-AE47-4961-B7DC-D0B4C726AB56}.Release|Any CPU.ActiveCfg = Release|Any CPU
		{120E9B10-AE47-4961-B7DC-D0B4C726AB56}.Release|Any CPU.Build.0 = Release|Any CPU
	EndGlobalSection
	GlobalSection(SolutionProperties) = preSolution
		HideSolutionNode = FALSE
	EndGlobalSection
	GlobalSection(NestedProjects) = preSolution
		{7C5C48F5-51FD-47A3-B7B9-195B295155D6} = {E89D1045-23FC-4B48-82D7-C143CF3AE8C0}
		{7FF202D6-EE0A-4702-8DA6-038403FCA8D9} = {E89D1045-23FC-4B48-82D7-C143CF3AE8C0}
		{B4E237C8-EF08-4287-8EBB-48DB5D6184B6} = {E89D1045-23FC-4B48-82D7-C143CF3AE8C0}
		{AE2E1A5C-F476-4412-A44B-412CA22E5E11} = {E89D1045-23FC-4B48-82D7-C143CF3AE8C0}
		{40C6751E-2310-4D3B-93F0-114D3C5BADD0} = {AE2E1A5C-F476-4412-A44B-412CA22E5E11}
		{D8673A1B-552C-41B7-B0E4-691C9543C7B0} = {E89D1045-23FC-4B48-82D7-C143CF3AE8C0}
		{1EEA9947-F71F-4118-971D-CEE80881E87B} = {E89D1045-23FC-4B48-82D7-C143CF3AE8C0}
		{D9E12898-48E0-4E34-AFCF-08106D4AE7EE} = {1EEA9947-F71F-4118-971D-CEE80881E87B}
		{60806963-3583-49CA-B345-ADC2BE0BF31D} = {1EEA9947-F71F-4118-971D-CEE80881E87B}
		{9A42D37C-AF7D-49E3-B028-97DC71205290} = {E89D1045-23FC-4B48-82D7-C143CF3AE8C0}
		{0971C55A-69A1-4F58-B8D4-35735A850187} = {E89D1045-23FC-4B48-82D7-C143CF3AE8C0}
		{4C41B793-BE66-4F90-9191-F51C497F88F3} = {0971C55A-69A1-4F58-B8D4-35735A850187}
		{120E9B10-AE47-4961-B7DC-D0B4C726AB56} = {0971C55A-69A1-4F58-B8D4-35735A850187}
	EndGlobalSection
EndGlobal
